
Microsoft Visual Studio Solution File, Format Version 12.00
# Visual Studio Version 16
VisualStudioVersion = 16.0.32407.337
MinimumVisualStudioVersion = 10.0.40219.1
Project("{8BC9CEB8-8B4A-11D0-8D11-00A0C91BC942}") = "WinAPI", "WinAPI\WinAPI.vcxproj", "{9F18137E-B2BD-47D5-908F-764F8FCD2F7B}"
EndProject
Project("{8BC9CEB8-8B4A-11D0-8D11-00A0C91BC942}") = "ListBox", "ListBox\ListBox.vcxproj", "{45CC08A9-B958-4EA7-8651-BED12DA49DB3}"
EndProject
Project("{8BC9CEB8-8B4A-11D0-8D11-00A0C91BC942}") = "ComboBox", "ComboBox\ComboBox.vcxproj", "{BD08DD15-B92D-42B5-9C31-A084435E0A17}"
EndProject
Project("{8BC9CEB8-8B4A-11D0-8D11-00A0C91BC942}") = "MainWindow", "MainWindow\MainWindow.vcxproj", "{B04F9AA5-B51E-46F4-B76A-FDFC74E2A0EB}"
EndProject
Global
	GlobalSection(SolutionConfigurationPlatforms) = preSolution
		Debug|x64 = Debug|x64
		Debug|x86 = Debug|x86
		Release|x64 = Release|x64
		Release|x86 = Release|x86
	EndGlobalSection
	GlobalSection(ProjectConfigurationPlatforms) = postSolution
		{9F18137E-B2BD-47D5-908F-764F8FCD2F7B}.Debug|x64.ActiveCfg = Debug|x64
		{9F18137E-B2BD-47D5-908F-764F8FCD2F7B}.Debug|x64.Build.0 = Debug|x64
		{9F18137E-B2BD-47D5-908F-764F8FCD2F7B}.Debug|x86.ActiveCfg = Debug|Win32
		{9F18137E-B2BD-47D5-908F-764F8FCD2F7B}.Debug|x86.Build.0 = Debug|Win32
		{9F18137E-B2BD-47D5-908F-764F8FCD2F7B}.Release|x64.ActiveCfg = Release|x64
		{9F18137E-B2BD-47D5-908F-764F8FCD2F7B}.Release|x64.Build.0 = Release|x64
		{9F18137E-B2BD-47D5-908F-764F8FCD2F7B}.Release|x86.ActiveCfg = Release|Win32
		{9F18137E-B2BD-47D5-908F-764F8FCD2F7B}.Release|x86.Build.0 = Release|Win32
		{45CC08A9-B958-4EA7-8651-BED12DA49DB3}.Debug|x64.ActiveCfg = Debug|x64
		{45CC08A9-B958-4EA7-8651-BED12DA49DB3}.Debug|x64.Build.0 = Debug|x64
		{45CC08A9-B958-4EA7-8651-BED12DA49DB3}.Debug|x86.ActiveCfg = Debug|Win32
		{45CC08A9-B958-4EA7-8651-BED12DA49DB3}.Debug|x86.Build.0 = Debug|Win32
		{45CC08A9-B958-4EA7-8651-BED12DA49DB3}.Release|x64.ActiveCfg = Release|x64
		{45CC08A9-B958-4EA7-8651-BED12DA49DB3}.Release|x64.Build.0 = Release|x64
		{45CC08A9-B958-4EA7-8651-BED12DA49DB3}.Release|x86.ActiveCfg = Release|Win32
		{45CC08A9-B958-4EA7-8651-BED12DA49DB3}.Release|x86.Build.0 = Release|Win32
		{BD08DD15-B92D-42B5-9C31-A084435E0A17}.Debug|x64.ActiveCfg = Debug|x64
		{BD08DD15-B92D-42B5-9C31-A084435E0A17}.Debug|x64.Build.0 = Debug|x64
		{BD08DD15-B92D-42B5-9C31-A084435E0A17}.Debug|x86.ActiveCfg = Debug|Win32
		{BD08DD15-B92D-42B5-9C31-A084435E0A17}.Debug|x86.Build.0 = Debug|Win32
		{BD08DD15-B92D-42B5-9C31-A084435E0A17}.Release|x64.ActiveCfg = Release|x64
		{BD08DD15-B92D-42B5-9C31-A084435E0A17}.Release|x64.Build.0 = Release|x64
		{BD08DD15-B92D-42B5-9C31-A084435E0A17}.Release|x86.ActiveCfg = Release|Win32
		{BD08DD15-B92D-42B5-9C31-A084435E0A17}.Release|x86.Build.0 = Release|Win32
		{B04F9AA5-B51E-46F4-B76A-FDFC74E2A0EB}.Debug|x64.ActiveCfg = Debug|x64
		{B04F9AA5-B51E-46F4-B76A-FDFC74E2A0EB}.Debug|x64.Build.0 = Debug|x64
		{B04F9AA5-B51E-46F4-B76A-FDFC74E2A0EB}.Debug|x86.ActiveCfg = Debug|Win32
		{B04F9AA5-B51E-46F4-B76A-FDFC74E2A0EB}.Debug|x86.Build.0 = Debug|Win32
		{B04F9AA5-B51E-46F4-B76A-FDFC74E2A0EB}.Release|x64.ActiveCfg = Release|x64
		{B04F9AA5-B51E-46F4-B76A-FDFC74E2A0EB}.Release|x64.Build.0 = Release|x64
		{B04F9AA5-B51E-46F4-B76A-FDFC74E2A0EB}.Release|x86.ActiveCfg = Release|Win32
		{B04F9AA5-B51E-46F4-B76A-FDFC74E2A0EB}.Release|x86.Build.0 = Release|Win32
	EndGlobalSection
	GlobalSection(SolutionProperties) = preSolution
		HideSolutionNode = FALSE
	EndGlobalSection
	GlobalSection(ExtensibilityGlobals) = postSolution
		SolutionGuid = {AF6AEE13-6930-465D-AA8B-0ADD9B8659A0}
	EndGlobalSection
EndGlobal
